
Microsoft Visual Studio Solution File, Format Version 12.00
# Visual Studio Version 17
VisualStudioVersion = 17.0.31903.59
MinimumVisualStudioVersion = 10.0.40219.1
Project("{2150E333-8FDC-42A3-9474-1A3956D46DE8}") = "src", "src", "{D140C2B7-13F5-44F9-9703-5567D62ED75F}"
EndProject
Project("{2150E333-8FDC-42A3-9474-1A3956D46DE8}") = "Apps", "Apps", "{A82358B3-D01B-4351-9BE4-A97681FE04B2}"
EndProject
Project("{9A19103F-16F7-4668-BE54-9A1E7A4F7556}") = "MessageFlow.Api", "src\Apps\MessageFlow.Api\MessageFlow.Api.csproj", "{8C22D004-C982-4C78-9C61-DD5224A6BA01}"
EndProject
Project("{2150E333-8FDC-42A3-9474-1A3956D46DE8}") = "Libs", "Libs", "{93F3CC59-EDCE-48AA-B6DC-7D52B5109309}"
EndProject
Project("{9A19103F-16F7-4668-BE54-9A1E7A4F7556}") = "MessageFlow.Core", "src\Libs\MessageFlow.Core\MessageFlow.Core.csproj", "{AC276D4B-F8DA-4343-98EE-F61F4CAEAE29}"
EndProject
Project("{9A19103F-16F7-4668-BE54-9A1E7A4F7556}") = "MessageFlow.Infra", "src\Libs\MessageFlow.Infra\MessageFlow.Infra.csproj", "{91436CA0-BFB4-4092-910D-16459E2F948F}"
EndProject
Project("{2150E333-8FDC-42A3-9474-1A3956D46DE8}") = "tests", "tests", "{9E782036-B328-4F4B-9CBF-CB7F315E073B}"
EndProject
Project("{2150E333-8FDC-42A3-9474-1A3956D46DE8}") = "Libs", "Libs", "{4CBF070C-84F9-4F4C-BFE7-DA336DFA8865}"
EndProject
Project("{9A19103F-16F7-4668-BE54-9A1E7A4F7556}") = "MessageFlow.UnitTests", "tests\Libs\MessageFlow.Infra.UnitTests\MessageFlow.UnitTests.csproj", "{EAAF4E5A-D00A-452F-9AF3-D0966B947BC4}"
EndProject
Project("{9A19103F-16F7-4668-BE54-9A1E7A4F7556}") = "MessageFlow.SharedKernel", "src\Libs\MessageFlow.Shared\MessageFlow.SharedKernel.csproj", "{FB37139E-66B7-48FB-8A91-37B1713535A2}"
EndProject
Project("{9A19103F-16F7-4668-BE54-9A1E7A4F7556}") = "MessageFlow.Jobs", "src\Apps\MessageFlow.Jobs\MessageFlow.Jobs.csproj", "{DC4DDEA7-BB13-4DFB-8470-5E8B56811E1C}"
EndProject
Project("{9A19103F-16F7-4668-BE54-9A1E7A4F7556}") = "MessageFlow.Processor", "src\Apps\MessageFlow.Processor\MessageFlow.Processor.csproj", "{AED05988-A88B-4AB4-8BDB-C6FE26284A2D}"
EndProject
Global
	GlobalSection(SolutionConfigurationPlatforms) = preSolution
		Debug|Any CPU = Debug|Any CPU
		Release|Any CPU = Release|Any CPU
	EndGlobalSection
	GlobalSection(ProjectConfigurationPlatforms) = postSolution
		{8C22D004-C982-4C78-9C61-DD5224A6BA01}.Debug|Any CPU.ActiveCfg = Debug|Any CPU
		{8C22D004-C982-4C78-9C61-DD5224A6BA01}.Debug|Any CPU.Build.0 = Debug|Any CPU
		{8C22D004-C982-4C78-9C61-DD5224A6BA01}.Release|Any CPU.ActiveCfg = Release|Any CPU
		{8C22D004-C982-4C78-9C61-DD5224A6BA01}.Release|Any CPU.Build.0 = Release|Any CPU
		{AC276D4B-F8DA-4343-98EE-F61F4CAEAE29}.Debug|Any CPU.ActiveCfg = Debug|Any CPU
		{AC276D4B-F8DA-4343-98EE-F61F4CAEAE29}.Debug|Any CPU.Build.0 = Debug|Any CPU
		{AC276D4B-F8DA-4343-98EE-F61F4CAEAE29}.Release|Any CPU.ActiveCfg = Release|Any CPU
		{AC276D4B-F8DA-4343-98EE-F61F4CAEAE29}.Release|Any CPU.Build.0 = Release|Any CPU
		{91436CA0-BFB4-4092-910D-16459E2F948F}.Debug|Any CPU.ActiveCfg = Debug|Any CPU
		{91436CA0-BFB4-4092-910D-16459E2F948F}.Debug|Any CPU.Build.0 = Debug|Any CPU
		{91436CA0-BFB4-4092-910D-16459E2F948F}.Release|Any CPU.ActiveCfg = Release|Any CPU
		{91436CA0-BFB4-4092-910D-16459E2F948F}.Release|Any CPU.Build.0 = Release|Any CPU
		{EAAF4E5A-D00A-452F-9AF3-D0966B947BC4}.Debug|Any CPU.ActiveCfg = Debug|Any CPU
		{EAAF4E5A-D00A-452F-9AF3-D0966B947BC4}.Debug|Any CPU.Build.0 = Debug|Any CPU
		{EAAF4E5A-D00A-452F-9AF3-D0966B947BC4}.Release|Any CPU.ActiveCfg = Release|Any CPU
		{EAAF4E5A-D00A-452F-9AF3-D0966B947BC4}.Release|Any CPU.Build.0 = Release|Any CPU
		{FB37139E-66B7-48FB-8A91-37B1713535A2}.Debug|Any CPU.ActiveCfg = Debug|Any CPU
		{FB37139E-66B7-48FB-8A91-37B1713535A2}.Debug|Any CPU.Build.0 = Debug|Any CPU
		{FB37139E-66B7-48FB-8A91-37B1713535A2}.Release|Any CPU.ActiveCfg = Release|Any CPU
		{FB37139E-66B7-48FB-8A91-37B1713535A2}.Release|Any CPU.Build.0 = Release|Any CPU
		{DC4DDEA7-BB13-4DFB-8470-5E8B56811E1C}.Debug|Any CPU.ActiveCfg = Debug|Any CPU
		{DC4DDEA7-BB13-4DFB-8470-5E8B56811E1C}.Debug|Any CPU.Build.0 = Debug|Any CPU
		{DC4DDEA7-BB13-4DFB-8470-5E8B56811E1C}.Release|Any CPU.ActiveCfg = Release|Any CPU
		{DC4DDEA7-BB13-4DFB-8470-5E8B56811E1C}.Release|Any CPU.Build.0 = Release|Any CPU
		{AED05988-A88B-4AB4-8BDB-C6FE26284A2D}.Debug|Any CPU.ActiveCfg = Debug|Any CPU
		{AED05988-A88B-4AB4-8BDB-C6FE26284A2D}.Debug|Any CPU.Build.0 = Debug|Any CPU
		{AED05988-A88B-4AB4-8BDB-C6FE26284A2D}.Release|Any CPU.ActiveCfg = Release|Any CPU
		{AED05988-A88B-4AB4-8BDB-C6FE26284A2D}.Release|Any CPU.Build.0 = Release|Any CPU
	EndGlobalSection
	GlobalSection(SolutionProperties) = preSolution
		HideSolutionNode = FALSE
	EndGlobalSection
	GlobalSection(NestedProjects) = preSolution
		{A82358B3-D01B-4351-9BE4-A97681FE04B2} = {D140C2B7-13F5-44F9-9703-5567D62ED75F}
		{8C22D004-C982-4C78-9C61-DD5224A6BA01} = {A82358B3-D01B-4351-9BE4-A97681FE04B2}
		{93F3CC59-EDCE-48AA-B6DC-7D52B5109309} = {D140C2B7-13F5-44F9-9703-5567D62ED75F}
		{AC276D4B-F8DA-4343-98EE-F61F4CAEAE29} = {93F3CC59-EDCE-48AA-B6DC-7D52B5109309}
		{91436CA0-BFB4-4092-910D-16459E2F948F} = {93F3CC59-EDCE-48AA-B6DC-7D52B5109309}
		{4CBF070C-84F9-4F4C-BFE7-DA336DFA8865} = {9E782036-B328-4F4B-9CBF-CB7F315E073B}
		{EAAF4E5A-D00A-452F-9AF3-D0966B947BC4} = {4CBF070C-84F9-4F4C-BFE7-DA336DFA8865}
		{FB37139E-66B7-48FB-8A91-37B1713535A2} = {93F3CC59-EDCE-48AA-B6DC-7D52B5109309}
		{DC4DDEA7-BB13-4DFB-8470-5E8B56811E1C} = {A82358B3-D01B-4351-9BE4-A97681FE04B2}
		{AED05988-A88B-4AB4-8BDB-C6FE26284A2D} = {A82358B3-D01B-4351-9BE4-A97681FE04B2}
	EndGlobalSection
	GlobalSection(ExtensibilityGlobals) = postSolution
		SolutionGuid = {22F07F52-4D2C-46EC-80AF-E33CAB7D3ACF}
	EndGlobalSection
EndGlobal
